
Microsoft Visual Studio Solution File, Format Version 12.00
# Visual Studio Version 16
VisualStudioVersion = 16.0.29009.5
MinimumVisualStudioVersion = 10.0.40219.1
Project("{FAE04EC0-301F-11D3-BF4B-00C04F79EFBC}") = "InkingNewstand", "InkingNewstand\InkingNewstand.csproj", "{6C3BD442-40A0-4A5A-9248-397117B0532D}"
EndProject
Project("{FAE04EC0-301F-11D3-BF4B-00C04F79EFBC}") = "InkingNewstand.Utilities", "InkingNewstand.Utilities\InkingNewstand.Utilities.csproj", "{FC399F28-DC20-45A1-8F5E-046AD5309257}"
EndProject
Project("{FAE04EC0-301F-11D3-BF4B-00C04F79EFBC}") = "InkingNewstand.Test.Utilities", "InkingNewstand.Test.Utilities\InkingNewstand.Test.Utilities.csproj", "{07F3E054-E44B-4DE8-BDAC-5EDE41D901C9}"
EndProject
Project("{FAE04EC0-301F-11D3-BF4B-00C04F79EFBC}") = "RichTextControls", "..\UWP-RichTextControls\RichTextControls\RichTextControls\RichTextControls.csproj", "{E3BD6F6F-B39E-4180-8182-DFE85C780BF4}"
EndProject
Project("{9A19103F-16F7-4668-BE54-9A1E7A4F7556}") = "FeedlySharp", "..\FeedlySharp\FeedlySharp\FeedlySharp.csproj", "{DC0FC882-14B5-4155-9A6C-3F2B8323467D}"
EndProject
Global
	GlobalSection(SolutionConfigurationPlatforms) = preSolution
		Debug|Any CPU = Debug|Any CPU
		Debug|ARM = Debug|ARM
		Debug|ARM64 = Debug|ARM64
		Debug|x64 = Debug|x64
		Debug|x86 = Debug|x86
		Release|Any CPU = Release|Any CPU
		Release|ARM = Release|ARM
		Release|ARM64 = Release|ARM64
		Release|x64 = Release|x64
		Release|x86 = Release|x86
	EndGlobalSection
	GlobalSection(ProjectConfigurationPlatforms) = postSolution
		{6C3BD442-40A0-4A5A-9248-397117B0532D}.Debug|Any CPU.ActiveCfg = Debug|x86
		{6C3BD442-40A0-4A5A-9248-397117B0532D}.Debug|ARM.ActiveCfg = Debug|ARM
		{6C3BD442-40A0-4A5A-9248-397117B0532D}.Debug|ARM.Build.0 = Debug|ARM
		{6C3BD442-40A0-4A5A-9248-397117B0532D}.Debug|ARM.Deploy.0 = Debug|ARM
		{6C3BD442-40A0-4A5A-9248-397117B0532D}.Debug|ARM64.ActiveCfg = Debug|ARM64
		{6C3BD442-40A0-4A5A-9248-397117B0532D}.Debug|ARM64.Build.0 = Debug|ARM64
		{6C3BD442-40A0-4A5A-9248-397117B0532D}.Debug|ARM64.Deploy.0 = Debug|ARM64
		{6C3BD442-40A0-4A5A-9248-397117B0532D}.Debug|x64.ActiveCfg = Debug|x64
		{6C3BD442-40A0-4A5A-9248-397117B0532D}.Debug|x64.Build.0 = Debug|x64
		{6C3BD442-40A0-4A5A-9248-397117B0532D}.Debug|x64.Deploy.0 = Debug|x64
		{6C3BD442-40A0-4A5A-9248-397117B0532D}.Debug|x86.ActiveCfg = Debug|x86
		{6C3BD442-40A0-4A5A-9248-397117B0532D}.Debug|x86.Build.0 = Debug|x86
		{6C3BD442-40A0-4A5A-9248-397117B0532D}.Debug|x86.Deploy.0 = Debug|x86
		{6C3BD442-40A0-4A5A-9248-397117B0532D}.Release|Any CPU.ActiveCfg = Release|x86
		{6C3BD442-40A0-4A5A-9248-397117B0532D}.Release|ARM.ActiveCfg = Release|ARM
		{6C3BD442-40A0-4A5A-9248-397117B0532D}.Release|ARM.Build.0 = Release|ARM
		{6C3BD442-40A0-4A5A-9248-397117B0532D}.Release|ARM.Deploy.0 = Release|ARM
		{6C3BD442-40A0-4A5A-9248-397117B0532D}.Release|ARM64.ActiveCfg = Release|ARM64
		{6C3BD442-40A0-4A5A-9248-397117B0532D}.Release|ARM64.Build.0 = Release|ARM64
		{6C3BD442-40A0-4A5A-9248-397117B0532D}.Release|ARM64.Deploy.0 = Release|ARM64
		{6C3BD442-40A0-4A5A-9248-397117B0532D}.Release|x64.ActiveCfg = Release|x64
		{6C3BD442-40A0-4A5A-9248-397117B0532D}.Release|x64.Build.0 = Release|x64
		{6C3BD442-40A0-4A5A-9248-397117B0532D}.Release|x64.Deploy.0 = Release|x64
		{6C3BD442-40A0-4A5A-9248-397117B0532D}.Release|x86.ActiveCfg = Release|x86
		{6C3BD442-40A0-4A5A-9248-397117B0532D}.Release|x86.Build.0 = Release|x86
		{6C3BD442-40A0-4A5A-9248-397117B0532D}.Release|x86.Deploy.0 = Release|x86
		{FC399F28-DC20-45A1-8F5E-046AD5309257}.Debug|Any CPU.ActiveCfg = Debug|Any CPU
		{FC399F28-DC20-45A1-8F5E-046AD5309257}.Debug|Any CPU.Build.0 = Debug|Any CPU
		{FC399F28-DC20-45A1-8F5E-046AD5309257}.Debug|ARM.ActiveCfg = Debug|ARM
		{FC399F28-DC20-45A1-8F5E-046AD5309257}.Debug|ARM.Build.0 = Debug|ARM
		{FC399F28-DC20-45A1-8F5E-046AD5309257}.Debug|ARM64.ActiveCfg = Debug|ARM64
		{FC399F28-DC20-45A1-8F5E-046AD5309257}.Debug|ARM64.Build.0 = Debug|ARM64
		{FC399F28-DC20-45A1-8F5E-046AD5309257}.Debug|x64.ActiveCfg = Debug|x64
		{FC399F28-DC20-45A1-8F5E-046AD5309257}.Debug|x64.Build.0 = Debug|x64
		{FC399F28-DC20-45A1-8F5E-046AD5309257}.Debug|x86.ActiveCfg = Debug|x86
		{FC399F28-DC20-45A1-8F5E-046AD5309257}.Debug|x86.Build.0 = Debug|x86
		{FC399F28-DC20-45A1-8F5E-046AD5309257}.Release|Any CPU.ActiveCfg = Release|Any CPU
		{FC399F28-DC20-45A1-8F5E-046AD5309257}.Release|Any CPU.Build.0 = Release|Any CPU
		{FC399F28-DC20-45A1-8F5E-046AD5309257}.Release|ARM.ActiveCfg = Release|ARM
		{FC399F28-DC20-45A1-8F5E-046AD5309257}.Release|ARM.Build.0 = Release|ARM
		{FC399F28-DC20-45A1-8F5E-046AD5309257}.Release|ARM64.ActiveCfg = Release|ARM64
		{FC399F28-DC20-45A1-8F5E-046AD5309257}.Release|ARM64.Build.0 = Release|ARM64
		{FC399F28-DC20-45A1-8F5E-046AD5309257}.Release|x64.ActiveCfg = Release|x64
		{FC399F28-DC20-45A1-8F5E-046AD5309257}.Release|x64.Build.0 = Release|x64
		{FC399F28-DC20-45A1-8F5E-046AD5309257}.Release|x86.ActiveCfg = Release|x86
		{FC399F28-DC20-45A1-8F5E-046AD5309257}.Release|x86.Build.0 = Release|x86
		{07F3E054-E44B-4DE8-BDAC-5EDE41D901C9}.Debug|Any CPU.ActiveCfg = Debug|x86
		{07F3E054-E44B-4DE8-BDAC-5EDE41D901C9}.Debug|ARM.ActiveCfg = Debug|ARM
		{07F3E054-E44B-4DE8-BDAC-5EDE41D901C9}.Debug|ARM.Build.0 = Debug|ARM
		{07F3E054-E44B-4DE8-BDAC-5EDE41D901C9}.Debug|ARM.Deploy.0 = Debug|ARM
		{07F3E054-E44B-4DE8-BDAC-5EDE41D901C9}.Debug|ARM64.ActiveCfg = Debug|ARM64
		{07F3E054-E44B-4DE8-BDAC-5EDE41D901C9}.Debug|ARM64.Build.0 = Debug|ARM64
		{07F3E054-E44B-4DE8-BDAC-5EDE41D901C9}.Debug|ARM64.Deploy.0 = Debug|ARM64
		{07F3E054-E44B-4DE8-BDAC-5EDE41D901C9}.Debug|x64.ActiveCfg = Debug|x64
		{07F3E054-E44B-4DE8-BDAC-5EDE41D901C9}.Debug|x64.Build.0 = Debug|x64
		{07F3E054-E44B-4DE8-BDAC-5EDE41D901C9}.Debug|x64.Deploy.0 = Debug|x64
		{07F3E054-E44B-4DE8-BDAC-5EDE41D901C9}.Debug|x86.ActiveCfg = Debug|x86
		{07F3E054-E44B-4DE8-BDAC-5EDE41D901C9}.Debug|x86.Build.0 = Debug|x86
		{07F3E054-E44B-4DE8-BDAC-5EDE41D901C9}.Debug|x86.Deploy.0 = Debug|x86
		{07F3E054-E44B-4DE8-BDAC-5EDE41D901C9}.Release|Any CPU.ActiveCfg = Release|x86
		{07F3E054-E44B-4DE8-BDAC-5EDE41D901C9}.Release|ARM.ActiveCfg = Release|ARM
		{07F3E054-E44B-4DE8-BDAC-5EDE41D901C9}.Release|ARM.Build.0 = Release|ARM
		{07F3E054-E44B-4DE8-BDAC-5EDE41D901C9}.Release|ARM.Deploy.0 = Release|ARM
		{07F3E054-E44B-4DE8-BDAC-5EDE41D901C9}.Release|ARM64.ActiveCfg = Release|ARM64
		{07F3E054-E44B-4DE8-BDAC-5EDE41D901C9}.Release|ARM64.Build.0 = Release|ARM64
		{07F3E054-E44B-4DE8-BDAC-5EDE41D901C9}.Release|ARM64.Deploy.0 = Release|ARM64
		{07F3E054-E44B-4DE8-BDAC-5EDE41D901C9}.Release|x64.ActiveCfg = Release|x64
		{07F3E054-E44B-4DE8-BDAC-5EDE41D901C9}.Release|x64.Build.0 = Release|x64
		{07F3E054-E44B-4DE8-BDAC-5EDE41D901C9}.Release|x64.Deploy.0 = Release|x64
		{07F3E054-E44B-4DE8-BDAC-5EDE41D901C9}.Release|x86.ActiveCfg = Release|x86
		{07F3E054-E44B-4DE8-BDAC-5EDE41D901C9}.Release|x86.Build.0 = Release|x86
		{07F3E054-E44B-4DE8-BDAC-5EDE41D901C9}.Release|x86.Deploy.0 = Release|x86
		{E3BD6F6F-B39E-4180-8182-DFE85C780BF4}.Debug|Any CPU.ActiveCfg = Debug|Any CPU
		{E3BD6F6F-B39E-4180-8182-DFE85C780BF4}.Debug|Any CPU.Build.0 = Debug|Any CPU
		{E3BD6F6F-B39E-4180-8182-DFE85C780BF4}.Debug|ARM.ActiveCfg = Debug|ARM
		{E3BD6F6F-B39E-4180-8182-DFE85C780BF4}.Debug|ARM.Build.0 = Debug|ARM
		{E3BD6F6F-B39E-4180-8182-DFE85C780BF4}.Debug|ARM64.ActiveCfg = Debug|Any CPU
		{E3BD6F6F-B39E-4180-8182-DFE85C780BF4}.Debug|ARM64.Build.0 = Debug|Any CPU
		{E3BD6F6F-B39E-4180-8182-DFE85C780BF4}.Debug|x64.ActiveCfg = Debug|x64
		{E3BD6F6F-B39E-4180-8182-DFE85C780BF4}.Debug|x64.Build.0 = Debug|x64
		{E3BD6F6F-B39E-4180-8182-DFE85C780BF4}.Debug|x86.ActiveCfg = Debug|x86
		{E3BD6F6F-B39E-4180-8182-DFE85C780BF4}.Debug|x86.Build.0 = Debug|x86
		{E3BD6F6F-B39E-4180-8182-DFE85C780BF4}.Release|Any CPU.ActiveCfg = Release|Any CPU
		{E3BD6F6F-B39E-4180-8182-DFE85C780BF4}.Release|Any CPU.Build.0 = Release|Any CPU
		{E3BD6F6F-B39E-4180-8182-DFE85C780BF4}.Release|ARM.ActiveCfg = Release|ARM
		{E3BD6F6F-B39E-4180-8182-DFE85C780BF4}.Release|ARM.Build.0 = Release|ARM
		{E3BD6F6F-B39E-4180-8182-DFE85C780BF4}.Release|ARM64.ActiveCfg = Release|Any CPU
		{E3BD6F6F-B39E-4180-8182-DFE85C780BF4}.Release|ARM64.Build.0 = Release|Any CPU
		{E3BD6F6F-B39E-4180-8182-DFE85C780BF4}.Release|x64.ActiveCfg = Release|x64
		{E3BD6F6F-B39E-4180-8182-DFE85C780BF4}.Release|x64.Build.0 = Release|x64
		{E3BD6F6F-B39E-4180-8182-DFE85C780BF4}.Release|x86.ActiveCfg = Release|x86
		{E3BD6F6F-B39E-4180-8182-DFE85C780BF4}.Release|x86.Build.0 = Release|x86
		{DC0FC882-14B5-4155-9A6C-3F2B8323467D}.Debug|Any CPU.ActiveCfg = Debug|Any CPU
		{DC0FC882-14B5-4155-9A6C-3F2B8323467D}.Debug|Any CPU.Build.0 = Debug|Any CPU
		{DC0FC882-14B5-4155-9A6C-3F2B8323467D}.Debug|ARM.ActiveCfg = Debug|Any CPU
		{DC0FC882-14B5-4155-9A6C-3F2B8323467D}.Debug|ARM.Build.0 = Debug|Any CPU
		{DC0FC882-14B5-4155-9A6C-3F2B8323467D}.Debug|ARM64.ActiveCfg = Debug|Any CPU
		{DC0FC882-14B5-4155-9A6C-3F2B8323467D}.Debug|ARM64.Build.0 = Debug|Any CPU
		{DC0FC882-14B5-4155-9A6C-3F2B8323467D}.Debug|x64.ActiveCfg = Debug|Any CPU
		{DC0FC882-14B5-4155-9A6C-3F2B8323467D}.Debug|x64.Build.0 = Debug|Any CPU
		{DC0FC882-14B5-4155-9A6C-3F2B8323467D}.Debug|x86.ActiveCfg = Debug|Any CPU
		{DC0FC882-14B5-4155-9A6C-3F2B8323467D}.Debug|x86.Build.0 = Debug|Any CPU
		{DC0FC882-14B5-4155-9A6C-3F2B8323467D}.Release|Any CPU.ActiveCfg = Release|Any CPU
		{DC0FC882-14B5-4155-9A6C-3F2B8323467D}.Release|Any CPU.Build.0 = Release|Any CPU
		{DC0FC882-14B5-4155-9A6C-3F2B8323467D}.Release|ARM.ActiveCfg = Release|Any CPU
		{DC0FC882-14B5-4155-9A6C-3F2B8323467D}.Release|ARM.Build.0 = Release|Any CPU
		{DC0FC882-14B5-4155-9A6C-3F2B8323467D}.Release|ARM64.ActiveCfg = Release|Any CPU
		{DC0FC882-14B5-4155-9A6C-3F2B8323467D}.Release|ARM64.Build.0 = Release|Any CPU
		{DC0FC882-14B5-4155-9A6C-3F2B8323467D}.Release|x64.ActiveCfg = Release|Any CPU
		{DC0FC882-14B5-4155-9A6C-3F2B8323467D}.Release|x64.Build.0 = Release|Any CPU
		{DC0FC882-14B5-4155-9A6C-3F2B8323467D}.Release|x86.ActiveCfg = Release|Any CPU
		{DC0FC882-14B5-4155-9A6C-3F2B8323467D}.Release|x86.Build.0 = Release|Any CPU
	EndGlobalSection
	GlobalSection(SolutionProperties) = preSolution
		HideSolutionNode = FALSE
	EndGlobalSection
	GlobalSection(ExtensibilityGlobals) = postSolution
		SolutionGuid = {BE3CF060-6261-4EBD-B039-00422C5E14D0}
	EndGlobalSection
EndGlobal
