
Microsoft Visual Studio Solution File, Format Version 12.00
# Visual Studio Version 16
VisualStudioVersion = 16.0.29009.5
MinimumVisualStudioVersion = 10.0.40219.1
Project("{FAE04EC0-301F-11D3-BF4B-00C04F79EFBC}") = "InkingNewsstand", "InkingNewsstand\InkingNewsstand.csproj", "{6C3BD442-40A0-4A5A-9248-397117B0532D}"
EndProject
Project("{FAE04EC0-301F-11D3-BF4B-00C04F79EFBC}") = "RichTextControls", "..\UWP-RichTextControls\RichTextControls\RichTextControls\RichTextControls.csproj", "{E3BD6F6F-B39E-4180-8182-DFE85C780BF4}"
EndProject
Project("{FAE04EC0-301F-11D3-BF4B-00C04F79EFBC}") = "InkingNewsstand.Utilities", "InkingNewsstand.Utilities\InkingNewsstand.Utilities.csproj", "{FC399F28-DC20-45A1-8F5E-046AD5309257}"
EndProject
Project("{9A19103F-16F7-4668-BE54-9A1E7A4F7556}") = "SmartReader", "..\SmartReader\src\SmartReader\SmartReader.csproj", "{977CD4E5-66FD-4FAD-A880-9379E04DA4CE}"
EndProject
Project("{FAE04EC0-301F-11D3-BF4B-00C04F79EFBC}") = "InkingNewsstand.Test", "InkingNewsstand.Test\InkingNewsstand.Test.csproj", "{5493BBAF-699F-47B7-B285-D5F6D363D666}"
EndProject
Project("{FAE04EC0-301F-11D3-BF4B-00C04F79EFBC}") = "InkingNewsstand.Migrations.Startup", "InkingNewsstand.Migrations.Startup\InkingNewsstand.Migrations.Startup.csproj", "{6260B0A0-AC00-4FAC-855F-7AFF6ADBE16D}"
EndProject
Project("{FAE04EC0-301F-11D3-BF4B-00C04F79EFBC}") = "InkingNewsstand.Model", "InkingNewsstand.Model\InkingNewsstand.Model.csproj", "{A17BBD0F-61EF-43AA-B539-C423AD7CD851}"
EndProject
Global
	GlobalSection(SolutionConfigurationPlatforms) = preSolution
		Debug|Any CPU = Debug|Any CPU
		Debug|ARM = Debug|ARM
		Debug|ARM64 = Debug|ARM64
		Debug|x64 = Debug|x64
		Debug|x86 = Debug|x86
		Release|Any CPU = Release|Any CPU
		Release|ARM = Release|ARM
		Release|ARM64 = Release|ARM64
		Release|x64 = Release|x64
		Release|x86 = Release|x86
	EndGlobalSection
	GlobalSection(ProjectConfigurationPlatforms) = postSolution
		{6C3BD442-40A0-4A5A-9248-397117B0532D}.Debug|Any CPU.ActiveCfg = Debug|x86
		{6C3BD442-40A0-4A5A-9248-397117B0532D}.Debug|Any CPU.Build.0 = Debug|x86
		{6C3BD442-40A0-4A5A-9248-397117B0532D}.Debug|Any CPU.Deploy.0 = Debug|x86
		{6C3BD442-40A0-4A5A-9248-397117B0532D}.Debug|ARM.ActiveCfg = Debug|ARM
		{6C3BD442-40A0-4A5A-9248-397117B0532D}.Debug|ARM.Build.0 = Debug|ARM
		{6C3BD442-40A0-4A5A-9248-397117B0532D}.Debug|ARM.Deploy.0 = Debug|ARM
		{6C3BD442-40A0-4A5A-9248-397117B0532D}.Debug|ARM64.ActiveCfg = Debug|ARM64
		{6C3BD442-40A0-4A5A-9248-397117B0532D}.Debug|ARM64.Build.0 = Debug|ARM64
		{6C3BD442-40A0-4A5A-9248-397117B0532D}.Debug|ARM64.Deploy.0 = Debug|ARM64
		{6C3BD442-40A0-4A5A-9248-397117B0532D}.Debug|x64.ActiveCfg = Debug|x64
		{6C3BD442-40A0-4A5A-9248-397117B0532D}.Debug|x64.Build.0 = Debug|x64
		{6C3BD442-40A0-4A5A-9248-397117B0532D}.Debug|x64.Deploy.0 = Debug|x64
		{6C3BD442-40A0-4A5A-9248-397117B0532D}.Debug|x86.ActiveCfg = Debug|x86
		{6C3BD442-40A0-4A5A-9248-397117B0532D}.Debug|x86.Build.0 = Debug|x86
		{6C3BD442-40A0-4A5A-9248-397117B0532D}.Debug|x86.Deploy.0 = Debug|x86
		{6C3BD442-40A0-4A5A-9248-397117B0532D}.Release|Any CPU.ActiveCfg = Release|x86
		{6C3BD442-40A0-4A5A-9248-397117B0532D}.Release|Any CPU.Build.0 = Release|x86
		{6C3BD442-40A0-4A5A-9248-397117B0532D}.Release|Any CPU.Deploy.0 = Release|x86
		{6C3BD442-40A0-4A5A-9248-397117B0532D}.Release|ARM.ActiveCfg = Release|ARM
		{6C3BD442-40A0-4A5A-9248-397117B0532D}.Release|ARM.Build.0 = Release|ARM
		{6C3BD442-40A0-4A5A-9248-397117B0532D}.Release|ARM.Deploy.0 = Release|ARM
		{6C3BD442-40A0-4A5A-9248-397117B0532D}.Release|ARM64.ActiveCfg = Release|ARM64
		{6C3BD442-40A0-4A5A-9248-397117B0532D}.Release|ARM64.Build.0 = Release|ARM64
		{6C3BD442-40A0-4A5A-9248-397117B0532D}.Release|ARM64.Deploy.0 = Release|ARM64
		{6C3BD442-40A0-4A5A-9248-397117B0532D}.Release|x64.ActiveCfg = Release|x64
		{6C3BD442-40A0-4A5A-9248-397117B0532D}.Release|x64.Build.0 = Release|x64
		{6C3BD442-40A0-4A5A-9248-397117B0532D}.Release|x64.Deploy.0 = Release|x64
		{6C3BD442-40A0-4A5A-9248-397117B0532D}.Release|x86.ActiveCfg = Release|x86
		{6C3BD442-40A0-4A5A-9248-397117B0532D}.Release|x86.Build.0 = Release|x86
		{6C3BD442-40A0-4A5A-9248-397117B0532D}.Release|x86.Deploy.0 = Release|x86
		{E3BD6F6F-B39E-4180-8182-DFE85C780BF4}.Debug|Any CPU.ActiveCfg = Debug|Any CPU
		{E3BD6F6F-B39E-4180-8182-DFE85C780BF4}.Debug|Any CPU.Build.0 = Debug|Any CPU
		{E3BD6F6F-B39E-4180-8182-DFE85C780BF4}.Debug|ARM.ActiveCfg = Debug|ARM
		{E3BD6F6F-B39E-4180-8182-DFE85C780BF4}.Debug|ARM.Build.0 = Debug|ARM
		{E3BD6F6F-B39E-4180-8182-DFE85C780BF4}.Debug|ARM64.ActiveCfg = Debug|Any CPU
		{E3BD6F6F-B39E-4180-8182-DFE85C780BF4}.Debug|ARM64.Build.0 = Debug|Any CPU
		{E3BD6F6F-B39E-4180-8182-DFE85C780BF4}.Debug|x64.ActiveCfg = Debug|x64
		{E3BD6F6F-B39E-4180-8182-DFE85C780BF4}.Debug|x64.Build.0 = Debug|x64
		{E3BD6F6F-B39E-4180-8182-DFE85C780BF4}.Debug|x86.ActiveCfg = Debug|x86
		{E3BD6F6F-B39E-4180-8182-DFE85C780BF4}.Debug|x86.Build.0 = Debug|x86
		{E3BD6F6F-B39E-4180-8182-DFE85C780BF4}.Release|Any CPU.ActiveCfg = Release|Any CPU
		{E3BD6F6F-B39E-4180-8182-DFE85C780BF4}.Release|Any CPU.Build.0 = Release|Any CPU
		{E3BD6F6F-B39E-4180-8182-DFE85C780BF4}.Release|ARM.ActiveCfg = Release|ARM
		{E3BD6F6F-B39E-4180-8182-DFE85C780BF4}.Release|ARM.Build.0 = Release|ARM
		{E3BD6F6F-B39E-4180-8182-DFE85C780BF4}.Release|ARM64.ActiveCfg = Release|Any CPU
		{E3BD6F6F-B39E-4180-8182-DFE85C780BF4}.Release|ARM64.Build.0 = Release|Any CPU
		{E3BD6F6F-B39E-4180-8182-DFE85C780BF4}.Release|x64.ActiveCfg = Release|x64
		{E3BD6F6F-B39E-4180-8182-DFE85C780BF4}.Release|x64.Build.0 = Release|x64
		{E3BD6F6F-B39E-4180-8182-DFE85C780BF4}.Release|x86.ActiveCfg = Release|x86
		{E3BD6F6F-B39E-4180-8182-DFE85C780BF4}.Release|x86.Build.0 = Release|x86
		{FC399F28-DC20-45A1-8F5E-046AD5309257}.Debug|Any CPU.ActiveCfg = Debug|Any CPU
		{FC399F28-DC20-45A1-8F5E-046AD5309257}.Debug|Any CPU.Build.0 = Debug|Any CPU
		{FC399F28-DC20-45A1-8F5E-046AD5309257}.Debug|ARM.ActiveCfg = Debug|ARM
		{FC399F28-DC20-45A1-8F5E-046AD5309257}.Debug|ARM.Build.0 = Debug|ARM
		{FC399F28-DC20-45A1-8F5E-046AD5309257}.Debug|ARM64.ActiveCfg = Debug|ARM64
		{FC399F28-DC20-45A1-8F5E-046AD5309257}.Debug|ARM64.Build.0 = Debug|ARM64
		{FC399F28-DC20-45A1-8F5E-046AD5309257}.Debug|x64.ActiveCfg = Debug|x64
		{FC399F28-DC20-45A1-8F5E-046AD5309257}.Debug|x64.Build.0 = Debug|x64
		{FC399F28-DC20-45A1-8F5E-046AD5309257}.Debug|x86.ActiveCfg = Debug|x86
		{FC399F28-DC20-45A1-8F5E-046AD5309257}.Debug|x86.Build.0 = Debug|x86
		{FC399F28-DC20-45A1-8F5E-046AD5309257}.Release|Any CPU.ActiveCfg = Release|Any CPU
		{FC399F28-DC20-45A1-8F5E-046AD5309257}.Release|Any CPU.Build.0 = Release|Any CPU
		{FC399F28-DC20-45A1-8F5E-046AD5309257}.Release|ARM.ActiveCfg = Release|ARM
		{FC399F28-DC20-45A1-8F5E-046AD5309257}.Release|ARM.Build.0 = Release|ARM
		{FC399F28-DC20-45A1-8F5E-046AD5309257}.Release|ARM64.ActiveCfg = Release|ARM64
		{FC399F28-DC20-45A1-8F5E-046AD5309257}.Release|ARM64.Build.0 = Release|ARM64
		{FC399F28-DC20-45A1-8F5E-046AD5309257}.Release|x64.ActiveCfg = Release|x64
		{FC399F28-DC20-45A1-8F5E-046AD5309257}.Release|x64.Build.0 = Release|x64
		{FC399F28-DC20-45A1-8F5E-046AD5309257}.Release|x86.ActiveCfg = Release|x86
		{FC399F28-DC20-45A1-8F5E-046AD5309257}.Release|x86.Build.0 = Release|x86
		{977CD4E5-66FD-4FAD-A880-9379E04DA4CE}.Debug|Any CPU.ActiveCfg = Debug|Any CPU
		{977CD4E5-66FD-4FAD-A880-9379E04DA4CE}.Debug|Any CPU.Build.0 = Debug|Any CPU
		{977CD4E5-66FD-4FAD-A880-9379E04DA4CE}.Debug|ARM.ActiveCfg = Debug|Any CPU
		{977CD4E5-66FD-4FAD-A880-9379E04DA4CE}.Debug|ARM.Build.0 = Debug|Any CPU
		{977CD4E5-66FD-4FAD-A880-9379E04DA4CE}.Debug|ARM64.ActiveCfg = Debug|Any CPU
		{977CD4E5-66FD-4FAD-A880-9379E04DA4CE}.Debug|ARM64.Build.0 = Debug|Any CPU
		{977CD4E5-66FD-4FAD-A880-9379E04DA4CE}.Debug|x64.ActiveCfg = Debug|Any CPU
		{977CD4E5-66FD-4FAD-A880-9379E04DA4CE}.Debug|x64.Build.0 = Debug|Any CPU
		{977CD4E5-66FD-4FAD-A880-9379E04DA4CE}.Debug|x86.ActiveCfg = Debug|Any CPU
		{977CD4E5-66FD-4FAD-A880-9379E04DA4CE}.Debug|x86.Build.0 = Debug|Any CPU
		{977CD4E5-66FD-4FAD-A880-9379E04DA4CE}.Release|Any CPU.ActiveCfg = Release|Any CPU
		{977CD4E5-66FD-4FAD-A880-9379E04DA4CE}.Release|Any CPU.Build.0 = Release|Any CPU
		{977CD4E5-66FD-4FAD-A880-9379E04DA4CE}.Release|ARM.ActiveCfg = Release|Any CPU
		{977CD4E5-66FD-4FAD-A880-9379E04DA4CE}.Release|ARM.Build.0 = Release|Any CPU
		{977CD4E5-66FD-4FAD-A880-9379E04DA4CE}.Release|ARM64.ActiveCfg = Release|Any CPU
		{977CD4E5-66FD-4FAD-A880-9379E04DA4CE}.Release|ARM64.Build.0 = Release|Any CPU
		{977CD4E5-66FD-4FAD-A880-9379E04DA4CE}.Release|x64.ActiveCfg = Release|Any CPU
		{977CD4E5-66FD-4FAD-A880-9379E04DA4CE}.Release|x64.Build.0 = Release|Any CPU
		{977CD4E5-66FD-4FAD-A880-9379E04DA4CE}.Release|x86.ActiveCfg = Release|Any CPU
		{977CD4E5-66FD-4FAD-A880-9379E04DA4CE}.Release|x86.Build.0 = Release|Any CPU
		{5493BBAF-699F-47B7-B285-D5F6D363D666}.Debug|Any CPU.ActiveCfg = Debug|x86
		{5493BBAF-699F-47B7-B285-D5F6D363D666}.Debug|ARM.ActiveCfg = Debug|ARM
		{5493BBAF-699F-47B7-B285-D5F6D363D666}.Debug|ARM.Build.0 = Debug|ARM
		{5493BBAF-699F-47B7-B285-D5F6D363D666}.Debug|ARM.Deploy.0 = Debug|ARM
		{5493BBAF-699F-47B7-B285-D5F6D363D666}.Debug|ARM64.ActiveCfg = Debug|ARM64
		{5493BBAF-699F-47B7-B285-D5F6D363D666}.Debug|ARM64.Build.0 = Debug|ARM64
		{5493BBAF-699F-47B7-B285-D5F6D363D666}.Debug|ARM64.Deploy.0 = Debug|ARM64
		{5493BBAF-699F-47B7-B285-D5F6D363D666}.Debug|x64.ActiveCfg = Debug|x64
		{5493BBAF-699F-47B7-B285-D5F6D363D666}.Debug|x64.Build.0 = Debug|x64
		{5493BBAF-699F-47B7-B285-D5F6D363D666}.Debug|x64.Deploy.0 = Debug|x64
		{5493BBAF-699F-47B7-B285-D5F6D363D666}.Debug|x86.ActiveCfg = Debug|x86
		{5493BBAF-699F-47B7-B285-D5F6D363D666}.Debug|x86.Build.0 = Debug|x86
		{5493BBAF-699F-47B7-B285-D5F6D363D666}.Debug|x86.Deploy.0 = Debug|x86
		{5493BBAF-699F-47B7-B285-D5F6D363D666}.Release|Any CPU.ActiveCfg = Release|x86
		{5493BBAF-699F-47B7-B285-D5F6D363D666}.Release|ARM.ActiveCfg = Release|ARM
		{5493BBAF-699F-47B7-B285-D5F6D363D666}.Release|ARM.Build.0 = Release|ARM
		{5493BBAF-699F-47B7-B285-D5F6D363D666}.Release|ARM.Deploy.0 = Release|ARM
		{5493BBAF-699F-47B7-B285-D5F6D363D666}.Release|ARM64.ActiveCfg = Release|ARM64
		{5493BBAF-699F-47B7-B285-D5F6D363D666}.Release|ARM64.Build.0 = Release|ARM64
		{5493BBAF-699F-47B7-B285-D5F6D363D666}.Release|ARM64.Deploy.0 = Release|ARM64
		{5493BBAF-699F-47B7-B285-D5F6D363D666}.Release|x64.ActiveCfg = Release|x64
		{5493BBAF-699F-47B7-B285-D5F6D363D666}.Release|x64.Build.0 = Release|x64
		{5493BBAF-699F-47B7-B285-D5F6D363D666}.Release|x64.Deploy.0 = Release|x64
		{5493BBAF-699F-47B7-B285-D5F6D363D666}.Release|x86.ActiveCfg = Release|x86
		{5493BBAF-699F-47B7-B285-D5F6D363D666}.Release|x86.Build.0 = Release|x86
		{5493BBAF-699F-47B7-B285-D5F6D363D666}.Release|x86.Deploy.0 = Release|x86
		{6260B0A0-AC00-4FAC-855F-7AFF6ADBE16D}.Debug|Any CPU.ActiveCfg = Debug|Any CPU
		{6260B0A0-AC00-4FAC-855F-7AFF6ADBE16D}.Debug|Any CPU.Build.0 = Debug|Any CPU
		{6260B0A0-AC00-4FAC-855F-7AFF6ADBE16D}.Debug|ARM.ActiveCfg = Debug|Any CPU
		{6260B0A0-AC00-4FAC-855F-7AFF6ADBE16D}.Debug|ARM.Build.0 = Debug|Any CPU
		{6260B0A0-AC00-4FAC-855F-7AFF6ADBE16D}.Debug|ARM64.ActiveCfg = Debug|Any CPU
		{6260B0A0-AC00-4FAC-855F-7AFF6ADBE16D}.Debug|ARM64.Build.0 = Debug|Any CPU
		{6260B0A0-AC00-4FAC-855F-7AFF6ADBE16D}.Debug|x64.ActiveCfg = Debug|Any CPU
		{6260B0A0-AC00-4FAC-855F-7AFF6ADBE16D}.Debug|x64.Build.0 = Debug|Any CPU
		{6260B0A0-AC00-4FAC-855F-7AFF6ADBE16D}.Debug|x86.ActiveCfg = Debug|Any CPU
		{6260B0A0-AC00-4FAC-855F-7AFF6ADBE16D}.Debug|x86.Build.0 = Debug|Any CPU
		{6260B0A0-AC00-4FAC-855F-7AFF6ADBE16D}.Release|Any CPU.ActiveCfg = Release|Any CPU
		{6260B0A0-AC00-4FAC-855F-7AFF6ADBE16D}.Release|Any CPU.Build.0 = Release|Any CPU
		{6260B0A0-AC00-4FAC-855F-7AFF6ADBE16D}.Release|ARM.ActiveCfg = Release|Any CPU
		{6260B0A0-AC00-4FAC-855F-7AFF6ADBE16D}.Release|ARM.Build.0 = Release|Any CPU
		{6260B0A0-AC00-4FAC-855F-7AFF6ADBE16D}.Release|ARM64.ActiveCfg = Release|Any CPU
		{6260B0A0-AC00-4FAC-855F-7AFF6ADBE16D}.Release|ARM64.Build.0 = Release|Any CPU
		{6260B0A0-AC00-4FAC-855F-7AFF6ADBE16D}.Release|x64.ActiveCfg = Release|Any CPU
		{6260B0A0-AC00-4FAC-855F-7AFF6ADBE16D}.Release|x64.Build.0 = Release|Any CPU
		{6260B0A0-AC00-4FAC-855F-7AFF6ADBE16D}.Release|x86.ActiveCfg = Release|Any CPU
		{6260B0A0-AC00-4FAC-855F-7AFF6ADBE16D}.Release|x86.Build.0 = Release|Any CPU
		{A17BBD0F-61EF-43AA-B539-C423AD7CD851}.Debug|Any CPU.ActiveCfg = Debug|Any CPU
		{A17BBD0F-61EF-43AA-B539-C423AD7CD851}.Debug|Any CPU.Build.0 = Debug|Any CPU
		{A17BBD0F-61EF-43AA-B539-C423AD7CD851}.Debug|ARM.ActiveCfg = Debug|Any CPU
		{A17BBD0F-61EF-43AA-B539-C423AD7CD851}.Debug|ARM.Build.0 = Debug|Any CPU
		{A17BBD0F-61EF-43AA-B539-C423AD7CD851}.Debug|ARM64.ActiveCfg = Debug|Any CPU
		{A17BBD0F-61EF-43AA-B539-C423AD7CD851}.Debug|ARM64.Build.0 = Debug|Any CPU
		{A17BBD0F-61EF-43AA-B539-C423AD7CD851}.Debug|x64.ActiveCfg = Debug|Any CPU
		{A17BBD0F-61EF-43AA-B539-C423AD7CD851}.Debug|x64.Build.0 = Debug|Any CPU
		{A17BBD0F-61EF-43AA-B539-C423AD7CD851}.Debug|x86.ActiveCfg = Debug|Any CPU
		{A17BBD0F-61EF-43AA-B539-C423AD7CD851}.Debug|x86.Build.0 = Debug|Any CPU
		{A17BBD0F-61EF-43AA-B539-C423AD7CD851}.Release|Any CPU.ActiveCfg = Release|Any CPU
		{A17BBD0F-61EF-43AA-B539-C423AD7CD851}.Release|Any CPU.Build.0 = Release|Any CPU
		{A17BBD0F-61EF-43AA-B539-C423AD7CD851}.Release|ARM.ActiveCfg = Release|Any CPU
		{A17BBD0F-61EF-43AA-B539-C423AD7CD851}.Release|ARM.Build.0 = Release|Any CPU
		{A17BBD0F-61EF-43AA-B539-C423AD7CD851}.Release|ARM64.ActiveCfg = Release|Any CPU
		{A17BBD0F-61EF-43AA-B539-C423AD7CD851}.Release|ARM64.Build.0 = Release|Any CPU
		{A17BBD0F-61EF-43AA-B539-C423AD7CD851}.Release|x64.ActiveCfg = Release|Any CPU
		{A17BBD0F-61EF-43AA-B539-C423AD7CD851}.Release|x64.Build.0 = Release|Any CPU
		{A17BBD0F-61EF-43AA-B539-C423AD7CD851}.Release|x86.ActiveCfg = Release|Any CPU
		{A17BBD0F-61EF-43AA-B539-C423AD7CD851}.Release|x86.Build.0 = Release|Any CPU
	EndGlobalSection
	GlobalSection(SolutionProperties) = preSolution
		HideSolutionNode = FALSE
	EndGlobalSection
	GlobalSection(ExtensibilityGlobals) = postSolution
		SolutionGuid = {BE3CF060-6261-4EBD-B039-00422C5E14D0}
	EndGlobalSection
EndGlobal
